
Microsoft Visual Studio Solution File, Format Version 12.00
# Visual Studio Version 17
VisualStudioVersion = 17.3.32811.315
MinimumVisualStudioVersion = 10.0.40219.1
Project("{9A19103F-16F7-4668-BE54-9A1E7A4F7556}") = "Sniffer", "Sniffer\Sniffer.csproj", "{E39780C0-1CDC-4440-BFDA-22744D04DCAD}"
EndProject
Global
	GlobalSection(SolutionConfigurationPlatforms) = preSolution
		Debug|Any CPU = Debug|Any CPU
		Release|Any CPU = Release|Any CPU
	EndGlobalSection
	GlobalSection(ProjectConfigurationPlatforms) = postSolution
		{E39780C0-1CDC-4440-BFDA-22744D04DCAD}.Debug|Any CPU.ActiveCfg = Debug|Any CPU
		{E39780C0-1CDC-4440-BFDA-22744D04DCAD}.Debug|Any CPU.Build.0 = Debug|Any CPU
		{E39780C0-1CDC-4440-BFDA-22744D04DCAD}.Release|Any CPU.ActiveCfg = Release|Any CPU
		{E39780C0-1CDC-4440-BFDA-22744D04DCAD}.Release|Any CPU.Build.0 = Release|Any CPU
	EndGlobalSection
	GlobalSection(SolutionProperties) = preSolution
		HideSolutionNode = FALSE
	EndGlobalSection
	GlobalSection(ExtensibilityGlobals) = postSolution
		SolutionGuid = {7029FBE0-19C8-4893-AE2F-B3FE98BE34CE}
	EndGlobalSection
EndGlobal
